
Microsoft Visual Studio Solution File, Format Version 12.00
# Visual Studio Version 17
VisualStudioVersion = 17.12.35707.178 d17.12
MinimumVisualStudioVersion = 10.0.40219.1
Project("{FAE04EC0-301F-11D3-BF4B-00C04F79EFBC}") = "Presentation", "Presentation\Presentation.csproj", "{64D8A267-A4A7-4A41-80FD-5A728E595236}"
EndProject
Project("{FAE04EC0-301F-11D3-BF4B-00C04F79EFBC}") = "Data", "Data\Data.csproj", "{801C3F69-5AA1-4FF9-BA4F-D13CA723759A}"
EndProject
Project("{FAE04EC0-301F-11D3-BF4B-00C04F79EFBC}") = "Core", "Core\Core.csproj", "{5BAB6545-FFB2-448E-AB32-296684FEFB73}"
EndProject
Global
	GlobalSection(SolutionConfigurationPlatforms) = preSolution
		Debug|Any CPU = Debug|Any CPU
		Release|Any CPU = Release|Any CPU
	EndGlobalSection
	GlobalSection(ProjectConfigurationPlatforms) = postSolution
		{64D8A267-A4A7-4A41-80FD-5A728E595236}.Debug|Any CPU.ActiveCfg = Debug|Any CPU
		{64D8A267-A4A7-4A41-80FD-5A728E595236}.Debug|Any CPU.Build.0 = Debug|Any CPU
		{64D8A267-A4A7-4A41-80FD-5A728E595236}.Release|Any CPU.ActiveCfg = Release|Any CPU
		{64D8A267-A4A7-4A41-80FD-5A728E595236}.Release|Any CPU.Build.0 = Release|Any CPU
		{801C3F69-5AA1-4FF9-BA4F-D13CA723759A}.Debug|Any CPU.ActiveCfg = Debug|Any CPU
		{801C3F69-5AA1-4FF9-BA4F-D13CA723759A}.Debug|Any CPU.Build.0 = Debug|Any CPU
		{801C3F69-5AA1-4FF9-BA4F-D13CA723759A}.Release|Any CPU.ActiveCfg = Release|Any CPU
		{801C3F69-5AA1-4FF9-BA4F-D13CA723759A}.Release|Any CPU.Build.0 = Release|Any CPU
		{5BAB6545-FFB2-448E-AB32-296684FEFB73}.Debug|Any CPU.ActiveCfg = Debug|Any CPU
		{5BAB6545-FFB2-448E-AB32-296684FEFB73}.Debug|Any CPU.Build.0 = Debug|Any CPU
		{5BAB6545-FFB2-448E-AB32-296684FEFB73}.Release|Any CPU.ActiveCfg = Release|Any CPU
		{5BAB6545-FFB2-448E-AB32-296684FEFB73}.Release|Any CPU.Build.0 = Release|Any CPU
	EndGlobalSection
	GlobalSection(SolutionProperties) = preSolution
		HideSolutionNode = FALSE
	EndGlobalSection
EndGlobal
